// !$*UTF8*$!
{
	archiveVersion = 1;
	classes = {
	};
	objectVersion = 51;
	objects = {

/* Begin PBXBuildFile section */
		2297C0BE93C91B7513B9E7F2 /* Pods_restorauntTests.framework in Frameworks */ = {isa = PBXBuildFile; fileRef = 61BCC287E9D5AE27A9ADF8F7 /* Pods_restorauntTests.framework */; };
		6336FEBB25EA3A86007E8C90 /* AppDelegate.swift in Sources */ = {isa = PBXBuildFile; fileRef = 6336FEBA25EA3A86007E8C90 /* AppDelegate.swift */; };
		6336FEBD25EA3A86007E8C90 /* SceneDelegate.swift in Sources */ = {isa = PBXBuildFile; fileRef = 6336FEBC25EA3A86007E8C90 /* SceneDelegate.swift */; };
		6336FEBF25EA3A86007E8C90 /* RestMenuViewController.swift in Sources */ = {isa = PBXBuildFile; fileRef = 6336FEBE25EA3A86007E8C90 /* RestMenuViewController.swift */; };
		6336FEC225EA3A86007E8C90 /* Main.storyboard in Resources */ = {isa = PBXBuildFile; fileRef = 6336FEC025EA3A86007E8C90 /* Main.storyboard */; };
		6336FEC425EA3A87007E8C90 /* Assets.xcassets in Resources */ = {isa = PBXBuildFile; fileRef = 6336FEC325EA3A87007E8C90 /* Assets.xcassets */; };
		6336FEC725EA3A87007E8C90 /* LaunchScreen.storyboard in Resources */ = {isa = PBXBuildFile; fileRef = 6336FEC525EA3A87007E8C90 /* LaunchScreen.storyboard */; };
		6336FED225EA3A87007E8C90 /* restorauntTests.swift in Sources */ = {isa = PBXBuildFile; fileRef = 6336FED125EA3A87007E8C90 /* restorauntTests.swift */; };
		6336FEDD25EA3A87007E8C90 /* restorauntUITests.swift in Sources */ = {isa = PBXBuildFile; fileRef = 6336FEDC25EA3A87007E8C90 /* restorauntUITests.swift */; };
		6336FEFF25EA3CEA007E8C90 /* RestMenuCollectionViewCell.swift in Sources */ = {isa = PBXBuildFile; fileRef = 6336FEFE25EA3CEA007E8C90 /* RestMenuCollectionViewCell.swift */; };
		6336FF0425EA4846007E8C90 /* Category.swift in Sources */ = {isa = PBXBuildFile; fileRef = 6336FF0325EA4846007E8C90 /* Category.swift */; };
		639B906025EBA431003E1C8C /* LeftSideMenuViewController.swift in Sources */ = {isa = PBXBuildFile; fileRef = 639B905F25EBA431003E1C8C /* LeftSideMenuViewController.swift */; };
		639B907125ED0253003E1C8C /* CategoryMenuTableViewCell.swift in Sources */ = {isa = PBXBuildFile; fileRef = 639B907025ED0253003E1C8C /* CategoryMenuTableViewCell.swift */; };
		639B907925ED0EE8003E1C8C /* CategoryMenuViewController.swift in Sources */ = {isa = PBXBuildFile; fileRef = 639B907825ED0EE8003E1C8C /* CategoryMenuViewController.swift */; };
		63DB95C22600D76000200AA6 /* Dish.swift in Sources */ = {isa = PBXBuildFile; fileRef = 63DB95C12600D76000200AA6 /* Dish.swift */; };
		63DB95CA2609067000200AA6 /* MapViewController.swift in Sources */ = {isa = PBXBuildFile; fileRef = 63DB95C92609067000200AA6 /* MapViewController.swift */; };
		63DB95CF2609074000200AA6 /* ReviewsViewController.swift in Sources */ = {isa = PBXBuildFile; fileRef = 63DB95CE2609074000200AA6 /* ReviewsViewController.swift */; };
		63DB95D4260907E900200AA6 /* PromotionViewController.swift in Sources */ = {isa = PBXBuildFile; fileRef = 63DB95D3260907E900200AA6 /* PromotionViewController.swift */; };
		63DB95DC2613523700200AA6 /* ReviewsCollectionViewCell.swift in Sources */ = {isa = PBXBuildFile; fileRef = 63DB95DB2613523700200AA6 /* ReviewsCollectionViewCell.swift */; };
		63DB95E4261353D700200AA6 /* Review.swift in Sources */ = {isa = PBXBuildFile; fileRef = 63DB95E3261353D700200AA6 /* Review.swift */; };
		63DB95F42613A2B500200AA6 /* SendReviewViewController.swift in Sources */ = {isa = PBXBuildFile; fileRef = 63DB95F32613A2B500200AA6 /* SendReviewViewController.swift */; };
		63DB96042614780500200AA6 /* PromotionCollectionViewCell.swift in Sources */ = {isa = PBXBuildFile; fileRef = 63DB96032614780500200AA6 /* PromotionCollectionViewCell.swift */; };
		63DB961E2614880F00200AA6 /* NameReviewTableViewCell.swift in Sources */ = {isa = PBXBuildFile; fileRef = 63DB961D2614880F00200AA6 /* NameReviewTableViewCell.swift */; };
		63DB963F2614947800200AA6 /* DetailPromotionViewController.swift in Sources */ = {isa = PBXBuildFile; fileRef = 63DB963E2614947800200AA6 /* DetailPromotionViewController.swift */; };
		63F224ED25F3F3050050BB67 /* LeftSideMenuTableViewCell.swift in Sources */ = {isa = PBXBuildFile; fileRef = 63F224EC25F3F3050050BB67 /* LeftSideMenuTableViewCell.swift */; };
		886045DDAF3CB4DCCAC2B45E /* Pods_restoraunt.framework in Frameworks */ = {isa = PBXBuildFile; fileRef = A51C63E8F93C876C426D68D4 /* Pods_restoraunt.framework */; };
		9DA1928E06559359AB760C83 /* Pods_restoraunt_restorauntUITests.framework in Frameworks */ = {isa = PBXBuildFile; fileRef = 66F509DE35A5C6D60E936147 /* Pods_restoraunt_restorauntUITests.framework */; };
/* End PBXBuildFile section */

/* Begin PBXContainerItemProxy section */
		6336FECE25EA3A87007E8C90 /* PBXContainerItemProxy */ = {
			isa = PBXContainerItemProxy;
			containerPortal = 6336FEAF25EA3A86007E8C90 /* Project object */;
			proxyType = 1;
			remoteGlobalIDString = 6336FEB625EA3A86007E8C90;
			remoteInfo = restoraunt;
		};
		6336FED925EA3A87007E8C90 /* PBXContainerItemProxy */ = {
			isa = PBXContainerItemProxy;
			containerPortal = 6336FEAF25EA3A86007E8C90 /* Project object */;
			proxyType = 1;
			remoteGlobalIDString = 6336FEB625EA3A86007E8C90;
			remoteInfo = restoraunt;
		};
/* End PBXContainerItemProxy section */

/* Begin PBXFileReference section */
		100AA0B65565764FE90CC8F3 /* Pods-restoraunt-restorauntUITests.debug.xcconfig */ = {isa = PBXFileReference; includeInIndex = 1; lastKnownFileType = text.xcconfig; name = "Pods-restoraunt-restorauntUITests.debug.xcconfig"; path = "Target Support Files/Pods-restoraunt-restorauntUITests/Pods-restoraunt-restorauntUITests.debug.xcconfig"; sourceTree = "<group>"; };
		61BCC287E9D5AE27A9ADF8F7 /* Pods_restorauntTests.framework */ = {isa = PBXFileReference; explicitFileType = wrapper.framework; includeInIndex = 0; path = Pods_restorauntTests.framework; sourceTree = BUILT_PRODUCTS_DIR; };
		6336FEB725EA3A86007E8C90 /* restoraunt.app */ = {isa = PBXFileReference; explicitFileType = wrapper.application; includeInIndex = 0; path = restoraunt.app; sourceTree = BUILT_PRODUCTS_DIR; };
		6336FEBA25EA3A86007E8C90 /* AppDelegate.swift */ = {isa = PBXFileReference; lastKnownFileType = sourcecode.swift; path = AppDelegate.swift; sourceTree = "<group>"; };
		6336FEBC25EA3A86007E8C90 /* SceneDelegate.swift */ = {isa = PBXFileReference; lastKnownFileType = sourcecode.swift; path = SceneDelegate.swift; sourceTree = "<group>"; };
		6336FEBE25EA3A86007E8C90 /* RestMenuViewController.swift */ = {isa = PBXFileReference; lastKnownFileType = sourcecode.swift; path = RestMenuViewController.swift; sourceTree = "<group>"; };
		6336FEC125EA3A86007E8C90 /* Base */ = {isa = PBXFileReference; lastKnownFileType = file.storyboard; name = Base; path = Base.lproj/Main.storyboard; sourceTree = "<group>"; };
		6336FEC325EA3A87007E8C90 /* Assets.xcassets */ = {isa = PBXFileReference; lastKnownFileType = folder.assetcatalog; path = Assets.xcassets; sourceTree = "<group>"; };
		6336FEC625EA3A87007E8C90 /* Base */ = {isa = PBXFileReference; lastKnownFileType = file.storyboard; name = Base; path = Base.lproj/LaunchScreen.storyboard; sourceTree = "<group>"; };
		6336FEC825EA3A87007E8C90 /* Info.plist */ = {isa = PBXFileReference; lastKnownFileType = text.plist.xml; path = Info.plist; sourceTree = "<group>"; };
		6336FECD25EA3A87007E8C90 /* restorauntTests.xctest */ = {isa = PBXFileReference; explicitFileType = wrapper.cfbundle; includeInIndex = 0; path = restorauntTests.xctest; sourceTree = BUILT_PRODUCTS_DIR; };
		6336FED125EA3A87007E8C90 /* restorauntTests.swift */ = {isa = PBXFileReference; lastKnownFileType = sourcecode.swift; path = restorauntTests.swift; sourceTree = "<group>"; };
		6336FED325EA3A87007E8C90 /* Info.plist */ = {isa = PBXFileReference; lastKnownFileType = text.plist.xml; path = Info.plist; sourceTree = "<group>"; };
		6336FED825EA3A87007E8C90 /* restorauntUITests.xctest */ = {isa = PBXFileReference; explicitFileType = wrapper.cfbundle; includeInIndex = 0; path = restorauntUITests.xctest; sourceTree = BUILT_PRODUCTS_DIR; };
		6336FEDC25EA3A87007E8C90 /* restorauntUITests.swift */ = {isa = PBXFileReference; lastKnownFileType = sourcecode.swift; path = restorauntUITests.swift; sourceTree = "<group>"; };
		6336FEDE25EA3A87007E8C90 /* Info.plist */ = {isa = PBXFileReference; lastKnownFileType = text.plist.xml; path = Info.plist; sourceTree = "<group>"; };
		6336FEFE25EA3CEA007E8C90 /* RestMenuCollectionViewCell.swift */ = {isa = PBXFileReference; lastKnownFileType = sourcecode.swift; path = RestMenuCollectionViewCell.swift; sourceTree = "<group>"; };
		6336FF0325EA4846007E8C90 /* Category.swift */ = {isa = PBXFileReference; lastKnownFileType = sourcecode.swift; path = Category.swift; sourceTree = "<group>"; };
		639B905F25EBA431003E1C8C /* LeftSideMenuViewController.swift */ = {isa = PBXFileReference; lastKnownFileType = sourcecode.swift; path = LeftSideMenuViewController.swift; sourceTree = "<group>"; };
		639B907025ED0253003E1C8C /* CategoryMenuTableViewCell.swift */ = {isa = PBXFileReference; lastKnownFileType = sourcecode.swift; path = CategoryMenuTableViewCell.swift; sourceTree = "<group>"; };
		639B907825ED0EE8003E1C8C /* CategoryMenuViewController.swift */ = {isa = PBXFileReference; lastKnownFileType = sourcecode.swift; path = CategoryMenuViewController.swift; sourceTree = "<group>"; };
		63DB95C12600D76000200AA6 /* Dish.swift */ = {isa = PBXFileReference; lastKnownFileType = sourcecode.swift; path = Dish.swift; sourceTree = "<group>"; };
		63DB95C92609067000200AA6 /* MapViewController.swift */ = {isa = PBXFileReference; lastKnownFileType = sourcecode.swift; path = MapViewController.swift; sourceTree = "<group>"; };
		63DB95CE2609074000200AA6 /* ReviewsViewController.swift */ = {isa = PBXFileReference; lastKnownFileType = sourcecode.swift; path = ReviewsViewController.swift; sourceTree = "<group>"; };
		63DB95D3260907E900200AA6 /* PromotionViewController.swift */ = {isa = PBXFileReference; lastKnownFileType = sourcecode.swift; path = PromotionViewController.swift; sourceTree = "<group>"; };
		63DB95DB2613523700200AA6 /* ReviewsCollectionViewCell.swift */ = {isa = PBXFileReference; lastKnownFileType = sourcecode.swift; path = ReviewsCollectionViewCell.swift; sourceTree = "<group>"; };
		63DB95E3261353D700200AA6 /* Review.swift */ = {isa = PBXFileReference; lastKnownFileType = sourcecode.swift; path = Review.swift; sourceTree = "<group>"; };
		63DB95F32613A2B500200AA6 /* SendReviewViewController.swift */ = {isa = PBXFileReference; lastKnownFileType = sourcecode.swift; path = SendReviewViewController.swift; sourceTree = "<group>"; };
		63DB96032614780500200AA6 /* PromotionCollectionViewCell.swift */ = {isa = PBXFileReference; lastKnownFileType = sourcecode.swift; path = PromotionCollectionViewCell.swift; sourceTree = "<group>"; };
		63DB961D2614880F00200AA6 /* NameReviewTableViewCell.swift */ = {isa = PBXFileReference; lastKnownFileType = sourcecode.swift; path = NameReviewTableViewCell.swift; sourceTree = "<group>"; };
		63DB963E2614947800200AA6 /* DetailPromotionViewController.swift */ = {isa = PBXFileReference; lastKnownFileType = sourcecode.swift; path = DetailPromotionViewController.swift; sourceTree = "<group>"; };
		63F224EC25F3F3050050BB67 /* LeftSideMenuTableViewCell.swift */ = {isa = PBXFileReference; lastKnownFileType = sourcecode.swift; path = LeftSideMenuTableViewCell.swift; sourceTree = "<group>"; };
		66F509DE35A5C6D60E936147 /* Pods_restoraunt_restorauntUITests.framework */ = {isa = PBXFileReference; explicitFileType = wrapper.framework; includeInIndex = 0; path = Pods_restoraunt_restorauntUITests.framework; sourceTree = BUILT_PRODUCTS_DIR; };
		6B2CE71B22C937A06F34F6AD /* Pods-restorauntTests.release.xcconfig */ = {isa = PBXFileReference; includeInIndex = 1; lastKnownFileType = text.xcconfig; name = "Pods-restorauntTests.release.xcconfig"; path = "Target Support Files/Pods-restorauntTests/Pods-restorauntTests.release.xcconfig"; sourceTree = "<group>"; };
		8D41BA921C81293C392C949A /* Pods-restorauntTests.debug.xcconfig */ = {isa = PBXFileReference; includeInIndex = 1; lastKnownFileType = text.xcconfig; name = "Pods-restorauntTests.debug.xcconfig"; path = "Target Support Files/Pods-restorauntTests/Pods-restorauntTests.debug.xcconfig"; sourceTree = "<group>"; };
		A51C63E8F93C876C426D68D4 /* Pods_restoraunt.framework */ = {isa = PBXFileReference; explicitFileType = wrapper.framework; includeInIndex = 0; path = Pods_restoraunt.framework; sourceTree = BUILT_PRODUCTS_DIR; };
		A6072A8112145E5B6E0FD915 /* Pods-restoraunt-restorauntUITests.release.xcconfig */ = {isa = PBXFileReference; includeInIndex = 1; lastKnownFileType = text.xcconfig; name = "Pods-restoraunt-restorauntUITests.release.xcconfig"; path = "Target Support Files/Pods-restoraunt-restorauntUITests/Pods-restoraunt-restorauntUITests.release.xcconfig"; sourceTree = "<group>"; };
		AEA6D6DD9AEC7149BA179057 /* Pods-restoraunt.release.xcconfig */ = {isa = PBXFileReference; includeInIndex = 1; lastKnownFileType = text.xcconfig; name = "Pods-restoraunt.release.xcconfig"; path = "Target Support Files/Pods-restoraunt/Pods-restoraunt.release.xcconfig"; sourceTree = "<group>"; };
		D34BD733C9D13334A7C841B8 /* Pods-restoraunt.debug.xcconfig */ = {isa = PBXFileReference; includeInIndex = 1; lastKnownFileType = text.xcconfig; name = "Pods-restoraunt.debug.xcconfig"; path = "Target Support Files/Pods-restoraunt/Pods-restoraunt.debug.xcconfig"; sourceTree = "<group>"; };
/* End PBXFileReference section */

/* Begin PBXFrameworksBuildPhase section */
		6336FEB425EA3A86007E8C90 /* Frameworks */ = {
			isa = PBXFrameworksBuildPhase;
			buildActionMask = 2147483647;
			files = (
				886045DDAF3CB4DCCAC2B45E /* Pods_restoraunt.framework in Frameworks */,
			);
			runOnlyForDeploymentPostprocessing = 0;
		};
		6336FECA25EA3A87007E8C90 /* Frameworks */ = {
			isa = PBXFrameworksBuildPhase;
			buildActionMask = 2147483647;
			files = (
				2297C0BE93C91B7513B9E7F2 /* Pods_restorauntTests.framework in Frameworks */,
			);
			runOnlyForDeploymentPostprocessing = 0;
		};
		6336FED525EA3A87007E8C90 /* Frameworks */ = {
			isa = PBXFrameworksBuildPhase;
			buildActionMask = 2147483647;
			files = (
				9DA1928E06559359AB760C83 /* Pods_restoraunt_restorauntUITests.framework in Frameworks */,
			);
			runOnlyForDeploymentPostprocessing = 0;
		};
/* End PBXFrameworksBuildPhase section */

/* Begin PBXGroup section */
		2236F30C387CA22F32BA0243 /* Frameworks */ = {
			isa = PBXGroup;
			children = (
				A51C63E8F93C876C426D68D4 /* Pods_restoraunt.framework */,
				66F509DE35A5C6D60E936147 /* Pods_restoraunt_restorauntUITests.framework */,
				61BCC287E9D5AE27A9ADF8F7 /* Pods_restorauntTests.framework */,
			);
			name = Frameworks;
			sourceTree = "<group>";
		};
		6336FEAE25EA3A86007E8C90 = {
			isa = PBXGroup;
			children = (
				6336FEB925EA3A86007E8C90 /* restoraunt */,
				6336FED025EA3A87007E8C90 /* restorauntTests */,
				6336FEDB25EA3A87007E8C90 /* restorauntUITests */,
				6336FEB825EA3A86007E8C90 /* Products */,
				9046C362C4D93D6B99B942D2 /* Pods */,
				2236F30C387CA22F32BA0243 /* Frameworks */,
			);
			sourceTree = "<group>";
		};
		6336FEB825EA3A86007E8C90 /* Products */ = {
			isa = PBXGroup;
			children = (
				6336FEB725EA3A86007E8C90 /* restoraunt.app */,
				6336FECD25EA3A87007E8C90 /* restorauntTests.xctest */,
				6336FED825EA3A87007E8C90 /* restorauntUITests.xctest */,
			);
			name = Products;
			sourceTree = "<group>";
		};
		6336FEB925EA3A86007E8C90 /* restoraunt */ = {
			isa = PBXGroup;
			children = (
				639B906425EBA468003E1C8C /* Controllers */,
				639B905325EABC43003E1C8C /* Cells */,
				639B905225EABC16003E1C8C /* Models */,
				639B905125EABBE7003E1C8C /* Supporting files */,
			);
			path = restoraunt;
			sourceTree = "<group>";
		};
		6336FED025EA3A87007E8C90 /* restorauntTests */ = {
			isa = PBXGroup;
			children = (
				6336FED125EA3A87007E8C90 /* restorauntTests.swift */,
				6336FED325EA3A87007E8C90 /* Info.plist */,
			);
			path = restorauntTests;
			sourceTree = "<group>";
		};
		6336FEDB25EA3A87007E8C90 /* restorauntUITests */ = {
			isa = PBXGroup;
			children = (
				6336FEDC25EA3A87007E8C90 /* restorauntUITests.swift */,
				6336FEDE25EA3A87007E8C90 /* Info.plist */,
			);
			path = restorauntUITests;
			sourceTree = "<group>";
		};
		639B905125EABBE7003E1C8C /* Supporting files */ = {
			isa = PBXGroup;
			children = (
				6336FEBA25EA3A86007E8C90 /* AppDelegate.swift */,
				6336FEBC25EA3A86007E8C90 /* SceneDelegate.swift */,
				6336FEC025EA3A86007E8C90 /* Main.storyboard */,
				6336FEC525EA3A87007E8C90 /* LaunchScreen.storyboard */,
				6336FEC325EA3A87007E8C90 /* Assets.xcassets */,
				6336FEC825EA3A87007E8C90 /* Info.plist */,
			);
			path = "Supporting files";
			sourceTree = "<group>";
		};
		639B905225EABC16003E1C8C /* Models */ = {
			isa = PBXGroup;
			children = (
				6336FF0325EA4846007E8C90 /* Category.swift */,
				63DB95C12600D76000200AA6 /* Dish.swift */,
				63DB95E3261353D700200AA6 /* Review.swift */,
			);
			name = Models;
			sourceTree = "<group>";
		};
		639B905325EABC43003E1C8C /* Cells */ = {
			isa = PBXGroup;
			children = (
				6336FEFE25EA3CEA007E8C90 /* RestMenuCollectionViewCell.swift */,
				639B907025ED0253003E1C8C /* CategoryMenuTableViewCell.swift */,
				63F224EC25F3F3050050BB67 /* LeftSideMenuTableViewCell.swift */,
				63DB96222614881800200AA6 /* Review Cells */,
				63DB96372614935300200AA6 /* Promotions */,
			);
			name = Cells;
			sourceTree = "<group>";
		};
		639B906425EBA468003E1C8C /* Controllers */ = {
			isa = PBXGroup;
			children = (
				6336FEBE25EA3A86007E8C90 /* RestMenuViewController.swift */,
				639B907825ED0EE8003E1C8C /* CategoryMenuViewController.swift */,
				639B905F25EBA431003E1C8C /* LeftSideMenuViewController.swift */,
				63DB96192614827200200AA6 /* Reviews */,
				63DB95C92609067000200AA6 /* MapViewController.swift */,
				63DB96182614825E00200AA6 /* Promotion */,
			);
			name = Controllers;
			sourceTree = "<group>";
		};
		63DB96182614825E00200AA6 /* Promotion */ = {
			isa = PBXGroup;
			children = (
				63DB95D3260907E900200AA6 /* PromotionViewController.swift */,
				63DB963E2614947800200AA6 /* DetailPromotionViewController.swift */,
			);
			name = Promotion;
			sourceTree = "<group>";
		};
		63DB96192614827200200AA6 /* Reviews */ = {
			isa = PBXGroup;
			children = (
				63DB95CE2609074000200AA6 /* ReviewsViewController.swift */,
				63DB95F32613A2B500200AA6 /* SendReviewViewController.swift */,
			);
			name = Reviews;
			sourceTree = "<group>";
		};
		63DB96222614881800200AA6 /* Review Cells */ = {
			isa = PBXGroup;
			children = (
				63DB95DB2613523700200AA6 /* ReviewsCollectionViewCell.swift */,
				63DB961D2614880F00200AA6 /* NameReviewTableViewCell.swift */,
			);
			name = "Review Cells";
			sourceTree = "<group>";
		};
		63DB96372614935300200AA6 /* Promotions */ = {
			isa = PBXGroup;
			children = (
				63DB96032614780500200AA6 /* PromotionCollectionViewCell.swift */,
			);
			name = Promotions;
			sourceTree = "<group>";
		};
		9046C362C4D93D6B99B942D2 /* Pods */ = {
			isa = PBXGroup;
			children = (
				D34BD733C9D13334A7C841B8 /* Pods-restoraunt.debug.xcconfig */,
				AEA6D6DD9AEC7149BA179057 /* Pods-restoraunt.release.xcconfig */,
				100AA0B65565764FE90CC8F3 /* Pods-restoraunt-restorauntUITests.debug.xcconfig */,
				A6072A8112145E5B6E0FD915 /* Pods-restoraunt-restorauntUITests.release.xcconfig */,
				8D41BA921C81293C392C949A /* Pods-restorauntTests.debug.xcconfig */,
				6B2CE71B22C937A06F34F6AD /* Pods-restorauntTests.release.xcconfig */,
			);
			path = Pods;
			sourceTree = "<group>";
		};
/* End PBXGroup section */

/* Begin PBXNativeTarget section */
		6336FEB625EA3A86007E8C90 /* restoraunt */ = {
			isa = PBXNativeTarget;
			buildConfigurationList = 6336FEE125EA3A87007E8C90 /* Build configuration list for PBXNativeTarget "restoraunt" */;
			buildPhases = (
				FE7462F099DAEC0DD3E4CE04 /* [CP] Check Pods Manifest.lock */,
				6336FEB325EA3A86007E8C90 /* Sources */,
				6336FEB425EA3A86007E8C90 /* Frameworks */,
				6336FEB525EA3A86007E8C90 /* Resources */,
				9615B433C3A1C678943E48AD /* [CP] Embed Pods Frameworks */,
			);
			buildRules = (
			);
			dependencies = (
			);
			name = restoraunt;
			productName = restoraunt;
			productReference = 6336FEB725EA3A86007E8C90 /* restoraunt.app */;
			productType = "com.apple.product-type.application";
		};
		6336FECC25EA3A87007E8C90 /* restorauntTests */ = {
			isa = PBXNativeTarget;
			buildConfigurationList = 6336FEE425EA3A87007E8C90 /* Build configuration list for PBXNativeTarget "restorauntTests" */;
			buildPhases = (
				D4526F8225D6015BEF117EAB /* [CP] Check Pods Manifest.lock */,
				6336FEC925EA3A87007E8C90 /* Sources */,
				6336FECA25EA3A87007E8C90 /* Frameworks */,
				6336FECB25EA3A87007E8C90 /* Resources */,
			);
			buildRules = (
			);
			dependencies = (
				6336FECF25EA3A87007E8C90 /* PBXTargetDependency */,
			);
			name = restorauntTests;
			productName = restorauntTests;
			productReference = 6336FECD25EA3A87007E8C90 /* restorauntTests.xctest */;
			productType = "com.apple.product-type.bundle.unit-test";
		};
		6336FED725EA3A87007E8C90 /* restorauntUITests */ = {
			isa = PBXNativeTarget;
			buildConfigurationList = 6336FEE725EA3A87007E8C90 /* Build configuration list for PBXNativeTarget "restorauntUITests" */;
			buildPhases = (
				889C388EAB7330F1186FD897 /* [CP] Check Pods Manifest.lock */,
				6336FED425EA3A87007E8C90 /* Sources */,
				6336FED525EA3A87007E8C90 /* Frameworks */,
				6336FED625EA3A87007E8C90 /* Resources */,
				33656A93F72B83FE445656EB /* [CP] Embed Pods Frameworks */,
			);
			buildRules = (
			);
			dependencies = (
				6336FEDA25EA3A87007E8C90 /* PBXTargetDependency */,
			);
			name = restorauntUITests;
			productName = restorauntUITests;
			productReference = 6336FED825EA3A87007E8C90 /* restorauntUITests.xctest */;
			productType = "com.apple.product-type.bundle.ui-testing";
		};
/* End PBXNativeTarget section */

/* Begin PBXProject section */
		6336FEAF25EA3A86007E8C90 /* Project object */ = {
			isa = PBXProject;
			attributes = {
				LastSwiftUpdateCheck = 1240;
				LastUpgradeCheck = 1240;
				TargetAttributes = {
					6336FEB625EA3A86007E8C90 = {
						CreatedOnToolsVersion = 12.4;
					};
					6336FECC25EA3A87007E8C90 = {
						CreatedOnToolsVersion = 12.4;
						TestTargetID = 6336FEB625EA3A86007E8C90;
					};
					6336FED725EA3A87007E8C90 = {
						CreatedOnToolsVersion = 12.4;
						TestTargetID = 6336FEB625EA3A86007E8C90;
					};
				};
			};
			buildConfigurationList = 6336FEB225EA3A86007E8C90 /* Build configuration list for PBXProject "restoraunt" */;
			compatibilityVersion = "Xcode 9.3";
			developmentRegion = en;
			hasScannedForEncodings = 0;
			knownRegions = (
				en,
				Base,
			);
			mainGroup = 6336FEAE25EA3A86007E8C90;
			productRefGroup = 6336FEB825EA3A86007E8C90 /* Products */;
			projectDirPath = "";
			projectRoot = "";
			targets = (
				6336FEB625EA3A86007E8C90 /* restoraunt */,
				6336FECC25EA3A87007E8C90 /* restorauntTests */,
				6336FED725EA3A87007E8C90 /* restorauntUITests */,
			);
		};
/* End PBXProject section */

/* Begin PBXResourcesBuildPhase section */
		6336FEB525EA3A86007E8C90 /* Resources */ = {
			isa = PBXResourcesBuildPhase;
			buildActionMask = 2147483647;
			files = (
				6336FEC725EA3A87007E8C90 /* LaunchScreen.storyboard in Resources */,
				6336FEC425EA3A87007E8C90 /* Assets.xcassets in Resources */,
				6336FEC225EA3A86007E8C90 /* Main.storyboard in Resources */,
			);
			runOnlyForDeploymentPostprocessing = 0;
		};
		6336FECB25EA3A87007E8C90 /* Resources */ = {
			isa = PBXResourcesBuildPhase;
			buildActionMask = 2147483647;
			files = (
			);
			runOnlyForDeploymentPostprocessing = 0;
		};
		6336FED625EA3A87007E8C90 /* Resources */ = {
			isa = PBXResourcesBuildPhase;
			buildActionMask = 2147483647;
			files = (
			);
			runOnlyForDeploymentPostprocessing = 0;
		};
/* End PBXResourcesBuildPhase section */

/* Begin PBXShellScriptBuildPhase section */
		33656A93F72B83FE445656EB /* [CP] Embed Pods Frameworks */ = {
			isa = PBXShellScriptBuildPhase;
			buildActionMask = 2147483647;
			files = (
			);
			inputFileListPaths = (
				"${PODS_ROOT}/Target Support Files/Pods-restoraunt-restorauntUITests/Pods-restoraunt-restorauntUITests-frameworks-${CONFIGURATION}-input-files.xcfilelist",
			);
			name = "[CP] Embed Pods Frameworks";
			outputFileListPaths = (
				"${PODS_ROOT}/Target Support Files/Pods-restoraunt-restorauntUITests/Pods-restoraunt-restorauntUITests-frameworks-${CONFIGURATION}-output-files.xcfilelist",
			);
			runOnlyForDeploymentPostprocessing = 0;
			shellPath = /bin/sh;
			shellScript = "\"${PODS_ROOT}/Target Support Files/Pods-restoraunt-restorauntUITests/Pods-restoraunt-restorauntUITests-frameworks.sh\"\n";
			showEnvVarsInLog = 0;
		};
		889C388EAB7330F1186FD897 /* [CP] Check Pods Manifest.lock */ = {
			isa = PBXShellScriptBuildPhase;
			buildActionMask = 2147483647;
			files = (
			);
			inputFileListPaths = (
			);
			inputPaths = (
				"${PODS_PODFILE_DIR_PATH}/Podfile.lock",
				"${PODS_ROOT}/Manifest.lock",
			);
			name = "[CP] Check Pods Manifest.lock";
			outputFileListPaths = (
			);
			outputPaths = (
				"$(DERIVED_FILE_DIR)/Pods-restoraunt-restorauntUITests-checkManifestLockResult.txt",
			);
			runOnlyForDeploymentPostprocessing = 0;
			shellPath = /bin/sh;
			shellScript = "diff \"${PODS_PODFILE_DIR_PATH}/Podfile.lock\" \"${PODS_ROOT}/Manifest.lock\" > /dev/null\nif [ $? != 0 ] ; then\n    # print error to STDERR\n    echo \"error: The sandbox is not in sync with the Podfile.lock. Run 'pod install' or update your CocoaPods installation.\" >&2\n    exit 1\nfi\n# This output is used by Xcode 'outputs' to avoid re-running this script phase.\necho \"SUCCESS\" > \"${SCRIPT_OUTPUT_FILE_0}\"\n";
			showEnvVarsInLog = 0;
		};
		9615B433C3A1C678943E48AD /* [CP] Embed Pods Frameworks */ = {
			isa = PBXShellScriptBuildPhase;
			buildActionMask = 2147483647;
			files = (
			);
			inputFileListPaths = (
				"${PODS_ROOT}/Target Support Files/Pods-restoraunt/Pods-restoraunt-frameworks-${CONFIGURATION}-input-files.xcfilelist",
			);
			name = "[CP] Embed Pods Frameworks";
			outputFileListPaths = (
				"${PODS_ROOT}/Target Support Files/Pods-restoraunt/Pods-restoraunt-frameworks-${CONFIGURATION}-output-files.xcfilelist",
			);
			runOnlyForDeploymentPostprocessing = 0;
			shellPath = /bin/sh;
			shellScript = "\"${PODS_ROOT}/Target Support Files/Pods-restoraunt/Pods-restoraunt-frameworks.sh\"\n";
			showEnvVarsInLog = 0;
		};
		D4526F8225D6015BEF117EAB /* [CP] Check Pods Manifest.lock */ = {
			isa = PBXShellScriptBuildPhase;
			buildActionMask = 2147483647;
			files = (
			);
			inputFileListPaths = (
			);
			inputPaths = (
				"${PODS_PODFILE_DIR_PATH}/Podfile.lock",
				"${PODS_ROOT}/Manifest.lock",
			);
			name = "[CP] Check Pods Manifest.lock";
			outputFileListPaths = (
			);
			outputPaths = (
				"$(DERIVED_FILE_DIR)/Pods-restorauntTests-checkManifestLockResult.txt",
			);
			runOnlyForDeploymentPostprocessing = 0;
			shellPath = /bin/sh;
			shellScript = "diff \"${PODS_PODFILE_DIR_PATH}/Podfile.lock\" \"${PODS_ROOT}/Manifest.lock\" > /dev/null\nif [ $? != 0 ] ; then\n    # print error to STDERR\n    echo \"error: The sandbox is not in sync with the Podfile.lock. Run 'pod install' or update your CocoaPods installation.\" >&2\n    exit 1\nfi\n# This output is used by Xcode 'outputs' to avoid re-running this script phase.\necho \"SUCCESS\" > \"${SCRIPT_OUTPUT_FILE_0}\"\n";
			showEnvVarsInLog = 0;
		};
		FE7462F099DAEC0DD3E4CE04 /* [CP] Check Pods Manifest.lock */ = {
			isa = PBXShellScriptBuildPhase;
			buildActionMask = 2147483647;
			files = (
			);
			inputFileListPaths = (
			);
			inputPaths = (
				"${PODS_PODFILE_DIR_PATH}/Podfile.lock",
				"${PODS_ROOT}/Manifest.lock",
			);
			name = "[CP] Check Pods Manifest.lock";
			outputFileListPaths = (
			);
			outputPaths = (
				"$(DERIVED_FILE_DIR)/Pods-restoraunt-checkManifestLockResult.txt",
			);
			runOnlyForDeploymentPostprocessing = 0;
			shellPath = /bin/sh;
			shellScript = "diff \"${PODS_PODFILE_DIR_PATH}/Podfile.lock\" \"${PODS_ROOT}/Manifest.lock\" > /dev/null\nif [ $? != 0 ] ; then\n    # print error to STDERR\n    echo \"error: The sandbox is not in sync with the Podfile.lock. Run 'pod install' or update your CocoaPods installation.\" >&2\n    exit 1\nfi\n# This output is used by Xcode 'outputs' to avoid re-running this script phase.\necho \"SUCCESS\" > \"${SCRIPT_OUTPUT_FILE_0}\"\n";
			showEnvVarsInLog = 0;
		};
/* End PBXShellScriptBuildPhase section */

/* Begin PBXSourcesBuildPhase section */
		6336FEB325EA3A86007E8C90 /* Sources */ = {
			isa = PBXSourcesBuildPhase;
			buildActionMask = 2147483647;
			files = (
				63DB95CA2609067000200AA6 /* MapViewController.swift in Sources */,
				639B907925ED0EE8003E1C8C /* CategoryMenuViewController.swift in Sources */,
				6336FEFF25EA3CEA007E8C90 /* RestMenuCollectionViewCell.swift in Sources */,
				6336FEBF25EA3A86007E8C90 /* RestMenuViewController.swift in Sources */,
				63DB95F42613A2B500200AA6 /* SendReviewViewController.swift in Sources */,
				639B907125ED0253003E1C8C /* CategoryMenuTableViewCell.swift in Sources */,
				639B906025EBA431003E1C8C /* LeftSideMenuViewController.swift in Sources */,
				63DB95D4260907E900200AA6 /* PromotionViewController.swift in Sources */,
				6336FEBB25EA3A86007E8C90 /* AppDelegate.swift in Sources */,
				63F224ED25F3F3050050BB67 /* LeftSideMenuTableViewCell.swift in Sources */,
				63DB963F2614947800200AA6 /* DetailPromotionViewController.swift in Sources */,
				63DB961E2614880F00200AA6 /* NameReviewTableViewCell.swift in Sources */,
				63DB95C22600D76000200AA6 /* Dish.swift in Sources */,
				63DB95E4261353D700200AA6 /* Review.swift in Sources */,
				63DB95DC2613523700200AA6 /* ReviewsCollectionViewCell.swift in Sources */,
				6336FF0425EA4846007E8C90 /* Category.swift in Sources */,
				63DB95CF2609074000200AA6 /* ReviewsViewController.swift in Sources */,
				63DB96042614780500200AA6 /* PromotionCollectionViewCell.swift in Sources */,
				6336FEBD25EA3A86007E8C90 /* SceneDelegate.swift in Sources */,
			);
			runOnlyForDeploymentPostprocessing = 0;
		};
		6336FEC925EA3A87007E8C90 /* Sources */ = {
			isa = PBXSourcesBuildPhase;
			buildActionMask = 2147483647;
			files = (
				6336FED225EA3A87007E8C90 /* restorauntTests.swift in Sources */,
			);
			runOnlyForDeploymentPostprocessing = 0;
		};
		6336FED425EA3A87007E8C90 /* Sources */ = {
			isa = PBXSourcesBuildPhase;
			buildActionMask = 2147483647;
			files = (
				6336FEDD25EA3A87007E8C90 /* restorauntUITests.swift in Sources */,
			);
			runOnlyForDeploymentPostprocessing = 0;
		};
/* End PBXSourcesBuildPhase section */

/* Begin PBXTargetDependency section */
		6336FECF25EA3A87007E8C90 /* PBXTargetDependency */ = {
			isa = PBXTargetDependency;
			target = 6336FEB625EA3A86007E8C90 /* restoraunt */;
			targetProxy = 6336FECE25EA3A87007E8C90 /* PBXContainerItemProxy */;
		};
		6336FEDA25EA3A87007E8C90 /* PBXTargetDependency */ = {
			isa = PBXTargetDependency;
			target = 6336FEB625EA3A86007E8C90 /* restoraunt */;
			targetProxy = 6336FED925EA3A87007E8C90 /* PBXContainerItemProxy */;
		};
/* End PBXTargetDependency section */

/* Begin PBXVariantGroup section */
		6336FEC025EA3A86007E8C90 /* Main.storyboard */ = {
			isa = PBXVariantGroup;
			children = (
				6336FEC125EA3A86007E8C90 /* Base */,
			);
			name = Main.storyboard;
			sourceTree = "<group>";
		};
		6336FEC525EA3A87007E8C90 /* LaunchScreen.storyboard */ = {
			isa = PBXVariantGroup;
			children = (
				6336FEC625EA3A87007E8C90 /* Base */,
			);
			name = LaunchScreen.storyboard;
			sourceTree = "<group>";
		};
/* End PBXVariantGroup section */

/* Begin XCBuildConfiguration section */
		6336FEDF25EA3A87007E8C90 /* Debug */ = {
			isa = XCBuildConfiguration;
			buildSettings = {
				ALWAYS_SEARCH_USER_PATHS = NO;
				CLANG_ANALYZER_NONNULL = YES;
				CLANG_ANALYZER_NUMBER_OBJECT_CONVERSION = YES_AGGRESSIVE;
				CLANG_CXX_LANGUAGE_STANDARD = "gnu++14";
				CLANG_CXX_LIBRARY = "libc++";
				CLANG_ENABLE_MODULES = YES;
				CLANG_ENABLE_OBJC_ARC = YES;
				CLANG_ENABLE_OBJC_WEAK = YES;
				CLANG_WARN_BLOCK_CAPTURE_AUTORELEASING = YES;
				CLANG_WARN_BOOL_CONVERSION = YES;
				CLANG_WARN_COMMA = YES;
				CLANG_WARN_CONSTANT_CONVERSION = YES;
				CLANG_WARN_DEPRECATED_OBJC_IMPLEMENTATIONS = YES;
				CLANG_WARN_DIRECT_OBJC_ISA_USAGE = YES_ERROR;
				CLANG_WARN_DOCUMENTATION_COMMENTS = YES;
				CLANG_WARN_EMPTY_BODY = YES;
				CLANG_WARN_ENUM_CONVERSION = YES;
				CLANG_WARN_INFINITE_RECURSION = YES;
				CLANG_WARN_INT_CONVERSION = YES;
				CLANG_WARN_NON_LITERAL_NULL_CONVERSION = YES;
				CLANG_WARN_OBJC_IMPLICIT_RETAIN_SELF = YES;
				CLANG_WARN_OBJC_LITERAL_CONVERSION = YES;
				CLANG_WARN_OBJC_ROOT_CLASS = YES_ERROR;
				CLANG_WARN_QUOTED_INCLUDE_IN_FRAMEWORK_HEADER = YES;
				CLANG_WARN_RANGE_LOOP_ANALYSIS = YES;
				CLANG_WARN_STRICT_PROTOTYPES = YES;
				CLANG_WARN_SUSPICIOUS_MOVE = YES;
				CLANG_WARN_UNGUARDED_AVAILABILITY = YES_AGGRESSIVE;
				CLANG_WARN_UNREACHABLE_CODE = YES;
				CLANG_WARN__DUPLICATE_METHOD_MATCH = YES;
				COPY_PHASE_STRIP = NO;
				DEBUG_INFORMATION_FORMAT = dwarf;
				ENABLE_STRICT_OBJC_MSGSEND = YES;
				ENABLE_TESTABILITY = YES;
				GCC_C_LANGUAGE_STANDARD = gnu11;
				GCC_DYNAMIC_NO_PIC = NO;
				GCC_NO_COMMON_BLOCKS = YES;
				GCC_OPTIMIZATION_LEVEL = 0;
				GCC_PREPROCESSOR_DEFINITIONS = (
					"DEBUG=1",
					"$(inherited)",
				);
				GCC_WARN_64_TO_32_BIT_CONVERSION = YES;
				GCC_WARN_ABOUT_RETURN_TYPE = YES_ERROR;
				GCC_WARN_UNDECLARED_SELECTOR = YES;
				GCC_WARN_UNINITIALIZED_AUTOS = YES_AGGRESSIVE;
				GCC_WARN_UNUSED_FUNCTION = YES;
				GCC_WARN_UNUSED_VARIABLE = YES;
				IPHONEOS_DEPLOYMENT_TARGET = 14.4;
				MTL_ENABLE_DEBUG_INFO = INCLUDE_SOURCE;
				MTL_FAST_MATH = YES;
				ONLY_ACTIVE_ARCH = YES;
				SDKROOT = iphoneos;
				SWIFT_ACTIVE_COMPILATION_CONDITIONS = DEBUG;
				SWIFT_OPTIMIZATION_LEVEL = "-Onone";
			};
			name = Debug;
		};
		6336FEE025EA3A87007E8C90 /* Release */ = {
			isa = XCBuildConfiguration;
			buildSettings = {
				ALWAYS_SEARCH_USER_PATHS = NO;
				CLANG_ANALYZER_NONNULL = YES;
				CLANG_ANALYZER_NUMBER_OBJECT_CONVERSION = YES_AGGRESSIVE;
				CLANG_CXX_LANGUAGE_STANDARD = "gnu++14";
				CLANG_CXX_LIBRARY = "libc++";
				CLANG_ENABLE_MODULES = YES;
				CLANG_ENABLE_OBJC_ARC = YES;
				CLANG_ENABLE_OBJC_WEAK = YES;
				CLANG_WARN_BLOCK_CAPTURE_AUTORELEASING = YES;
				CLANG_WARN_BOOL_CONVERSION = YES;
				CLANG_WARN_COMMA = YES;
				CLANG_WARN_CONSTANT_CONVERSION = YES;
				CLANG_WARN_DEPRECATED_OBJC_IMPLEMENTATIONS = YES;
				CLANG_WARN_DIRECT_OBJC_ISA_USAGE = YES_ERROR;
				CLANG_WARN_DOCUMENTATION_COMMENTS = YES;
				CLANG_WARN_EMPTY_BODY = YES;
				CLANG_WARN_ENUM_CONVERSION = YES;
				CLANG_WARN_INFINITE_RECURSION = YES;
				CLANG_WARN_INT_CONVERSION = YES;
				CLANG_WARN_NON_LITERAL_NULL_CONVERSION = YES;
				CLANG_WARN_OBJC_IMPLICIT_RETAIN_SELF = YES;
				CLANG_WARN_OBJC_LITERAL_CONVERSION = YES;
				CLANG_WARN_OBJC_ROOT_CLASS = YES_ERROR;
				CLANG_WARN_QUOTED_INCLUDE_IN_FRAMEWORK_HEADER = YES;
				CLANG_WARN_RANGE_LOOP_ANALYSIS = YES;
				CLANG_WARN_STRICT_PROTOTYPES = YES;
				CLANG_WARN_SUSPICIOUS_MOVE = YES;
				CLANG_WARN_UNGUARDED_AVAILABILITY = YES_AGGRESSIVE;
				CLANG_WARN_UNREACHABLE_CODE = YES;
				CLANG_WARN__DUPLICATE_METHOD_MATCH = YES;
				COPY_PHASE_STRIP = NO;
				DEBUG_INFORMATION_FORMAT = "dwarf-with-dsym";
				ENABLE_NS_ASSERTIONS = NO;
				ENABLE_STRICT_OBJC_MSGSEND = YES;
				GCC_C_LANGUAGE_STANDARD = gnu11;
				GCC_NO_COMMON_BLOCKS = YES;
				GCC_WARN_64_TO_32_BIT_CONVERSION = YES;
				GCC_WARN_ABOUT_RETURN_TYPE = YES_ERROR;
				GCC_WARN_UNDECLARED_SELECTOR = YES;
				GCC_WARN_UNINITIALIZED_AUTOS = YES_AGGRESSIVE;
				GCC_WARN_UNUSED_FUNCTION = YES;
				GCC_WARN_UNUSED_VARIABLE = YES;
				IPHONEOS_DEPLOYMENT_TARGET = 14.4;
				MTL_ENABLE_DEBUG_INFO = NO;
				MTL_FAST_MATH = YES;
				SDKROOT = iphoneos;
				SWIFT_COMPILATION_MODE = wholemodule;
				SWIFT_OPTIMIZATION_LEVEL = "-O";
				VALIDATE_PRODUCT = YES;
			};
			name = Release;
		};
		6336FEE225EA3A87007E8C90 /* Debug */ = {
			isa = XCBuildConfiguration;
			baseConfigurationReference = D34BD733C9D13334A7C841B8 /* Pods-restoraunt.debug.xcconfig */;
			buildSettings = {
				ASSETCATALOG_COMPILER_APPICON_NAME = AppIcon;
				ASSETCATALOG_COMPILER_GLOBAL_ACCENT_COLOR_NAME = AccentColor;
				CODE_SIGN_STYLE = Automatic;
				DEVELOPMENT_TEAM = 6GDVJXR2DQ;
				INFOPLIST_FILE = "$(SRCROOT)/restoraunt/Supporting files/Info.plist";
				LD_RUNPATH_SEARCH_PATHS = (
					"$(inherited)",
					"@executable_path/Frameworks",
				);
				PRODUCT_BUNDLE_IDENTIFIER = "Dmitry-Grinev.restoraunt";
				PRODUCT_NAME = "$(TARGET_NAME)";
				SWIFT_VERSION = 5.0;
				TARGETED_DEVICE_FAMILY = "1,2";
			};
			name = Debug;
		};
		6336FEE325EA3A87007E8C90 /* Release */ = {
			isa = XCBuildConfiguration;
			baseConfigurationReference = AEA6D6DD9AEC7149BA179057 /* Pods-restoraunt.release.xcconfig */;
			buildSettings = {
				ASSETCATALOG_COMPILER_APPICON_NAME = AppIcon;
				ASSETCATALOG_COMPILER_GLOBAL_ACCENT_COLOR_NAME = AccentColor;
				CODE_SIGN_STYLE = Automatic;
				DEVELOPMENT_TEAM = 6GDVJXR2DQ;
				INFOPLIST_FILE = "$(SRCROOT)/restoraunt/Supporting files/Info.plist";
				LD_RUNPATH_SEARCH_PATHS = (
					"$(inherited)",
					"@executable_path/Frameworks",
				);
				PRODUCT_BUNDLE_IDENTIFIER = "Dmitry-Grinev.restoraunt";
				PRODUCT_NAME = "$(TARGET_NAME)";
				SWIFT_VERSION = 5.0;
				TARGETED_DEVICE_FAMILY = "1,2";
			};
			name = Release;
		};
		6336FEE525EA3A87007E8C90 /* Debug */ = {
			isa = XCBuildConfiguration;
			baseConfigurationReference = 8D41BA921C81293C392C949A /* Pods-restorauntTests.debug.xcconfig */;
			buildSettings = {
				ALWAYS_EMBED_SWIFT_STANDARD_LIBRARIES = YES;
				BUNDLE_LOADER = "$(TEST_HOST)";
				CODE_SIGN_STYLE = Automatic;
				DEVELOPMENT_TEAM = 6GDVJXR2DQ;
				INFOPLIST_FILE = restorauntTests/Info.plist;
				IPHONEOS_DEPLOYMENT_TARGET = 14.4;
				LD_RUNPATH_SEARCH_PATHS = (
					"$(inherited)",
					"@executable_path/Frameworks",
					"@loader_path/Frameworks",
				);
				PRODUCT_BUNDLE_IDENTIFIER = "Dmitry-Grinev.restorauntTests";
				PRODUCT_NAME = "$(TARGET_NAME)";
				SWIFT_VERSION = 5.0;
				TARGETED_DEVICE_FAMILY = "1,2";
				TEST_HOST = "$(BUILT_PRODUCTS_DIR)/restoraunt.app/restoraunt";
			};
			name = Debug;
		};
		6336FEE625EA3A87007E8C90 /* Release */ = {
			isa = XCBuildConfiguration;
			baseConfigurationReference = 6B2CE71B22C937A06F34F6AD /* Pods-restorauntTests.release.xcconfig */;
			buildSettings = {
				ALWAYS_EMBED_SWIFT_STANDARD_LIBRARIES = YES;
				BUNDLE_LOADER = "$(TEST_HOST)";
				CODE_SIGN_STYLE = Automatic;
				DEVELOPMENT_TEAM = 6GDVJXR2DQ;
				INFOPLIST_FILE = restorauntTests/Info.plist;
				IPHONEOS_DEPLOYMENT_TARGET = 14.4;
				LD_RUNPATH_SEARCH_PATHS = (
					"$(inherited)",
					"@executable_path/Frameworks",
					"@loader_path/Frameworks",
				);
				PRODUCT_BUNDLE_IDENTIFIER = "Dmitry-Grinev.restorauntTests";
				PRODUCT_NAME = "$(TARGET_NAME)";
				SWIFT_VERSION = 5.0;
				TARGETED_DEVICE_FAMILY = "1,2";
				TEST_HOST = "$(BUILT_PRODUCTS_DIR)/restoraunt.app/restoraunt";
			};
			name = Release;
		};
		6336FEE825EA3A87007E8C90 /* Debug */ = {
			isa = XCBuildConfiguration;
			baseConfigurationReference = 100AA0B65565764FE90CC8F3 /* Pods-restoraunt-restorauntUITests.debug.xcconfig */;
			buildSettings = {
				ALWAYS_EMBED_SWIFT_STANDARD_LIBRARIES = YES;
				CODE_SIGN_STYLE = Automatic;
				DEVELOPMENT_TEAM = 6GDVJXR2DQ;
				INFOPLIST_FILE = restorauntUITests/Info.plist;
				LD_RUNPATH_SEARCH_PATHS = (
					"$(inherited)",
					"@executable_path/Frameworks",
					"@loader_path/Frameworks",
				);
				PRODUCT_BUNDLE_IDENTIFIER = "Dmitry-Grinev.restorauntUITests";
				PRODUCT_NAME = "$(TARGET_NAME)";
				SWIFT_VERSION = 5.0;
				TARGETED_DEVICE_FAMILY = "1,2";
				TEST_TARGET_NAME = restoraunt;
			};
			name = Debug;
		};
		6336FEE925EA3A87007E8C90 /* Release */ = {
			isa = XCBuildConfiguration;
			baseConfigurationReference = A6072A8112145E5B6E0FD915 /* Pods-restoraunt-restorauntUITests.release.xcconfig */;
			buildSettings = {
				ALWAYS_EMBED_SWIFT_STANDARD_LIBRARIES = YES;
				CODE_SIGN_STYLE = Automatic;
				DEVELOPMENT_TEAM = 6GDVJXR2DQ;
				INFOPLIST_FILE = restorauntUITests/Info.plist;
				LD_RUNPATH_SEARCH_PATHS = (
					"$(inherited)",
					"@executable_path/Frameworks",
					"@loader_path/Frameworks",
				);
				PRODUCT_BUNDLE_IDENTIFIER = "Dmitry-Grinev.restorauntUITests";
				PRODUCT_NAME = "$(TARGET_NAME)";
				SWIFT_VERSION = 5.0;
				TARGETED_DEVICE_FAMILY = "1,2";
				TEST_TARGET_NAME = restoraunt;
			};
			name = Release;
		};
/* End XCBuildConfiguration section */

/* Begin XCConfigurationList section */
		6336FEB225EA3A86007E8C90 /* Build configuration list for PBXProject "restoraunt" */ = {
			isa = XCConfigurationList;
			buildConfigurations = (
				6336FEDF25EA3A87007E8C90 /* Debug */,
				6336FEE025EA3A87007E8C90 /* Release */,
			);
			defaultConfigurationIsVisible = 0;
			defaultConfigurationName = Release;
		};
		6336FEE125EA3A87007E8C90 /* Build configuration list for PBXNativeTarget "restoraunt" */ = {
			isa = XCConfigurationList;
			buildConfigurations = (
				6336FEE225EA3A87007E8C90 /* Debug */,
				6336FEE325EA3A87007E8C90 /* Release */,
			);
			defaultConfigurationIsVisible = 0;
			defaultConfigurationName = Release;
		};
		6336FEE425EA3A87007E8C90 /* Build configuration list for PBXNativeTarget "restorauntTests" */ = {
			isa = XCConfigurationList;
			buildConfigurations = (
				6336FEE525EA3A87007E8C90 /* Debug */,
				6336FEE625EA3A87007E8C90 /* Release */,
			);
			defaultConfigurationIsVisible = 0;
			defaultConfigurationName = Release;
		};
		6336FEE725EA3A87007E8C90 /* Build configuration list for PBXNativeTarget "restorauntUITests" */ = {
			isa = XCConfigurationList;
			buildConfigurations = (
				6336FEE825EA3A87007E8C90 /* Debug */,
				6336FEE925EA3A87007E8C90 /* Release */,
			);
			defaultConfigurationIsVisible = 0;
			defaultConfigurationName = Release;
		};
/* End XCConfigurationList section */
	};
	rootObject = 6336FEAF25EA3A86007E8C90 /* Project object */;
}
